
Microsoft Visual Studio Solution File, Format Version 12.00
# Visual Studio Version 16
VisualStudioVersion = 16.0.31605.320
MinimumVisualStudioVersion = 10.0.40219.1
Project("{FAE04EC0-301F-11D3-BF4B-00C04F79EFBC}") = "CheckUrls", "CheckUrls.csproj", "{4DD73F74-3767-4FF4-9C19-8C7CE666C2ED}"
EndProject
Global
	GlobalSection(SolutionConfigurationPlatforms) = preSolution
		Debug|Any CPU = Debug|Any CPU
		Release|Any CPU = Release|Any CPU
	EndGlobalSection
	GlobalSection(ProjectConfigurationPlatforms) = postSolution
		{4DD73F74-3767-4FF4-9C19-8C7CE666C2ED}.Debug|Any CPU.ActiveCfg = Debug|Any CPU
		{4DD73F74-3767-4FF4-9C19-8C7CE666C2ED}.Debug|Any CPU.Build.0 = Debug|Any CPU
		{4DD73F74-3767-4FF4-9C19-8C7CE666C2ED}.Release|Any CPU.ActiveCfg = Release|Any CPU
		{4DD73F74-3767-4FF4-9C19-8C7CE666C2ED}.Release|Any CPU.Build.0 = Release|Any CPU
	EndGlobalSection
	GlobalSection(SolutionProperties) = preSolution
		HideSolutionNode = FALSE
	EndGlobalSection
	GlobalSection(ExtensibilityGlobals) = postSolution
		SolutionGuid = {7AF2972E-A660-479B-B438-EAB311305D96}
	EndGlobalSection
EndGlobal
